<?xml version="1.0" encoding="UTF-8"?>
<Scheme
   version = "1.3">
   <BuildAction>
      <BuildActionEntries>
         <BuildActionEntry
            buildForRunning = "YES">
            <BuildableReference
               BuildableIdentifier = "primary"
               BlueprintIdentifier = "7C8E44271EB329FC00BA6D76"
               BuildableName = "caffe2-ios.app"
               BlueprintName = "caffe2-ios"
               ReferencedContainer = "container:caffe2-ios.xcodeproj">
            </BuildableReference>
         </BuildActionEntry>
      </BuildActionEntries>
   </BuildAction>
   <LaunchAction
      useCustomWorkingDirectory = "NO"
      buildConfiguration = "Release">
      <BuildableProductRunnable>
         <BuildableReference
            BuildableIdentifier = "primary"
            BlueprintIdentifier = "7C8E44271EB329FC00BA6D76"
            BuildableName = "caffe2-ios.app"
            BlueprintName = "caffe2-ios"
            ReferencedContainer = "container:caffe2-ios.xcodeproj">
         </BuildableReference>
      </BuildableProductRunnable>
   </LaunchAction>
</Scheme>
